
Microsoft Visual Studio Solution File, Format Version 12.00
# Visual Studio Version 17
VisualStudioVersion = 17.14.36915.13 d17.14
MinimumVisualStudioVersion = 10.0.40219.1
Project("{FAE04EC0-301F-11D3-BF4B-00C04F79EFBC}") = "Dotnet_API_26_Minimal_API", "Dotnet_API_26_Minimal_API\Dotnet_API_26_Minimal_API.csproj", "{91FC53A3-50F2-44BE-94C4-727E95EC4A45}"
EndProject
Global
	GlobalSection(SolutionConfigurationPlatforms) = preSolution
		Debug|Any CPU = Debug|Any CPU
		Release|Any CPU = Release|Any CPU
	EndGlobalSection
	GlobalSection(ProjectConfigurationPlatforms) = postSolution
		{91FC53A3-50F2-44BE-94C4-727E95EC4A45}.Debug|Any CPU.ActiveCfg = Debug|Any CPU
		{91FC53A3-50F2-44BE-94C4-727E95EC4A45}.Debug|Any CPU.Build.0 = Debug|Any CPU
		{91FC53A3-50F2-44BE-94C4-727E95EC4A45}.Release|Any CPU.ActiveCfg = Release|Any CPU
		{91FC53A3-50F2-44BE-94C4-727E95EC4A45}.Release|Any CPU.Build.0 = Release|Any CPU
	EndGlobalSection
	GlobalSection(SolutionProperties) = preSolution
		HideSolutionNode = FALSE
	EndGlobalSection
	GlobalSection(ExtensibilityGlobals) = postSolution
		SolutionGuid = {DFFBDD0D-0745-45EC-B78A-611C81DE47B6}
	EndGlobalSection
EndGlobal
